
Microsoft Visual Studio Solution File, Format Version 12.00
# Visual Studio 15
VisualStudioVersion = 15.0.28010.2050
MinimumVisualStudioVersion = 10.0.40219.1
Project("{FAE04EC0-301F-11D3-BF4B-00C04F79EFBC}") = "ATMWebApp", "ATMWebApp\ATMWebApp.csproj", "{EB9F4ADF-870A-43E1-9A03-EF943C803A36}"
EndProject
Global
	GlobalSection(SolutionConfigurationPlatforms) = preSolution
		Debug|Any CPU = Debug|Any CPU
		Release|Any CPU = Release|Any CPU
	EndGlobalSection
	GlobalSection(ProjectConfigurationPlatforms) = postSolution
		{EB9F4ADF-870A-43E1-9A03-EF943C803A36}.Debug|Any CPU.ActiveCfg = Debug|Any CPU
		{EB9F4ADF-870A-43E1-9A03-EF943C803A36}.Debug|Any CPU.Build.0 = Debug|Any CPU
		{EB9F4ADF-870A-43E1-9A03-EF943C803A36}.Release|Any CPU.ActiveCfg = Release|Any CPU
		{EB9F4ADF-870A-43E1-9A03-EF943C803A36}.Release|Any CPU.Build.0 = Release|Any CPU
	EndGlobalSection
	GlobalSection(SolutionProperties) = preSolution
		HideSolutionNode = FALSE
	EndGlobalSection
	GlobalSection(ExtensibilityGlobals) = postSolution
		SolutionGuid = {15FF50CD-EF83-4C67-8D5A-CF79E24969C3}
	EndGlobalSection
EndGlobal
